
Microsoft Visual Studio Solution File, Format Version 12.00
# Visual Studio Version 16
VisualStudioVersion = 16.0.29418.71
MinimumVisualStudioVersion = 10.0.40219.1
Project("{FAE04EC0-301F-11D3-BF4B-00C04F79EFBC}") = "ExpenseTracker.Android", "ExpenseTracker\ExpenseTracker.Android\ExpenseTracker.Android.csproj", "{E6655270-F806-4DB0-A342-CB1B15962BDD}"
EndProject
Project("{FAE04EC0-301F-11D3-BF4B-00C04F79EFBC}") = "ExpenseTracker.iOS", "ExpenseTracker\ExpenseTracker.iOS\ExpenseTracker.iOS.csproj", "{8305A27F-5DEB-453B-9FB8-6A381795DDF5}"
EndProject
Project("{9A19103F-16F7-4668-BE54-9A1E7A4F7556}") = "ExpenseTracker", "ExpenseTracker\ExpenseTracker\ExpenseTracker.csproj", "{7FF6BD03-5606-44E1-80EE-F66915E08232}"
EndProject
Project("{FAE04EC0-301F-11D3-BF4B-00C04F79EFBC}") = "ExpenseTracker.UWP", "ExpenseTracker\ExpenseTracker.UWP\ExpenseTracker.UWP.csproj", "{082E169B-8CF4-4F89-B231-EE2A748FDF2E}"
EndProject
Project("{FAE04EC0-301F-11D3-BF4B-00C04F79EFBC}") = "ExpenseTrackerTests", "ExpenseTracker\ExpenseTrackerTests\ExpenseTrackerTests.csproj", "{7212660C-F3E6-4C30-A63C-A6B1D4C3CC81}"
EndProject
Global
	GlobalSection(SolutionConfigurationPlatforms) = preSolution
		Ad-Hoc|Any CPU = Ad-Hoc|Any CPU
		Ad-Hoc|ARM = Ad-Hoc|ARM
		Ad-Hoc|ARM64 = Ad-Hoc|ARM64
		Ad-Hoc|iPhone = Ad-Hoc|iPhone
		Ad-Hoc|iPhoneSimulator = Ad-Hoc|iPhoneSimulator
		Ad-Hoc|x64 = Ad-Hoc|x64
		Ad-Hoc|x86 = Ad-Hoc|x86
		AppStore|Any CPU = AppStore|Any CPU
		AppStore|ARM = AppStore|ARM
		AppStore|ARM64 = AppStore|ARM64
		AppStore|iPhone = AppStore|iPhone
		AppStore|iPhoneSimulator = AppStore|iPhoneSimulator
		AppStore|x64 = AppStore|x64
		AppStore|x86 = AppStore|x86
		Debug|Any CPU = Debug|Any CPU
		Debug|ARM = Debug|ARM
		Debug|ARM64 = Debug|ARM64
		Debug|iPhone = Debug|iPhone
		Debug|iPhoneSimulator = Debug|iPhoneSimulator
		Debug|x64 = Debug|x64
		Debug|x86 = Debug|x86
		Release|Any CPU = Release|Any CPU
		Release|ARM = Release|ARM
		Release|ARM64 = Release|ARM64
		Release|iPhone = Release|iPhone
		Release|iPhoneSimulator = Release|iPhoneSimulator
		Release|x64 = Release|x64
		Release|x86 = Release|x86
	EndGlobalSection
	GlobalSection(ProjectConfigurationPlatforms) = postSolution
		{E6655270-F806-4DB0-A342-CB1B15962BDD}.Ad-Hoc|Any CPU.ActiveCfg = Release|Any CPU
		{E6655270-F806-4DB0-A342-CB1B15962BDD}.Ad-Hoc|Any CPU.Build.0 = Release|Any CPU
		{E6655270-F806-4DB0-A342-CB1B15962BDD}.Ad-Hoc|Any CPU.Deploy.0 = Release|Any CPU
		{E6655270-F806-4DB0-A342-CB1B15962BDD}.Ad-Hoc|ARM.ActiveCfg = Debug|Any CPU
		{E6655270-F806-4DB0-A342-CB1B15962BDD}.Ad-Hoc|ARM.Build.0 = Debug|Any CPU
		{E6655270-F806-4DB0-A342-CB1B15962BDD}.Ad-Hoc|ARM.Deploy.0 = Debug|Any CPU
		{E6655270-F806-4DB0-A342-CB1B15962BDD}.Ad-Hoc|ARM64.ActiveCfg = Debug|Any CPU
		{E6655270-F806-4DB0-A342-CB1B15962BDD}.Ad-Hoc|ARM64.Build.0 = Debug|Any CPU
		{E6655270-F806-4DB0-A342-CB1B15962BDD}.Ad-Hoc|ARM64.Deploy.0 = Debug|Any CPU
		{E6655270-F806-4DB0-A342-CB1B15962BDD}.Ad-Hoc|iPhone.ActiveCfg = Release|Any CPU
		{E6655270-F806-4DB0-A342-CB1B15962BDD}.Ad-Hoc|iPhone.Build.0 = Release|Any CPU
		{E6655270-F806-4DB0-A342-CB1B15962BDD}.Ad-Hoc|iPhone.Deploy.0 = Release|Any CPU
		{E6655270-F806-4DB0-A342-CB1B15962BDD}.Ad-Hoc|iPhoneSimulator.ActiveCfg = Release|Any CPU
		{E6655270-F806-4DB0-A342-CB1B15962BDD}.Ad-Hoc|iPhoneSimulator.Build.0 = Release|Any CPU
		{E6655270-F806-4DB0-A342-CB1B15962BDD}.Ad-Hoc|iPhoneSimulator.Deploy.0 = Release|Any CPU
		{E6655270-F806-4DB0-A342-CB1B15962BDD}.Ad-Hoc|x64.ActiveCfg = Debug|Any CPU
		{E6655270-F806-4DB0-A342-CB1B15962BDD}.Ad-Hoc|x64.Build.0 = Debug|Any CPU
		{E6655270-F806-4DB0-A342-CB1B15962BDD}.Ad-Hoc|x64.Deploy.0 = Debug|Any CPU
		{E6655270-F806-4DB0-A342-CB1B15962BDD}.Ad-Hoc|x86.ActiveCfg = Debug|Any CPU
		{E6655270-F806-4DB0-A342-CB1B15962BDD}.Ad-Hoc|x86.Build.0 = Debug|Any CPU
		{E6655270-F806-4DB0-A342-CB1B15962BDD}.Ad-Hoc|x86.Deploy.0 = Debug|Any CPU
		{E6655270-F806-4DB0-A342-CB1B15962BDD}.AppStore|Any CPU.ActiveCfg = Release|Any CPU
		{E6655270-F806-4DB0-A342-CB1B15962BDD}.AppStore|Any CPU.Build.0 = Release|Any CPU
		{E6655270-F806-4DB0-A342-CB1B15962BDD}.AppStore|Any CPU.Deploy.0 = Release|Any CPU
		{E6655270-F806-4DB0-A342-CB1B15962BDD}.AppStore|ARM.ActiveCfg = Debug|Any CPU
		{E6655270-F806-4DB0-A342-CB1B15962BDD}.AppStore|ARM.Build.0 = Debug|Any CPU
		{E6655270-F806-4DB0-A342-CB1B15962BDD}.AppStore|ARM.Deploy.0 = Debug|Any CPU
		{E6655270-F806-4DB0-A342-CB1B15962BDD}.AppStore|ARM64.ActiveCfg = Debug|Any CPU
		{E6655270-F806-4DB0-A342-CB1B15962BDD}.AppStore|ARM64.Build.0 = Debug|Any CPU
		{E6655270-F806-4DB0-A342-CB1B15962BDD}.AppStore|ARM64.Deploy.0 = Debug|Any CPU
		{E6655270-F806-4DB0-A342-CB1B15962BDD}.AppStore|iPhone.ActiveCfg = Release|Any CPU
		{E6655270-F806-4DB0-A342-CB1B15962BDD}.AppStore|iPhone.Build.0 = Release|Any CPU
		{E6655270-F806-4DB0-A342-CB1B15962BDD}.AppStore|iPhone.Deploy.0 = Release|Any CPU
		{E6655270-F806-4DB0-A342-CB1B15962BDD}.AppStore|iPhoneSimulator.ActiveCfg = Release|Any CPU
		{E6655270-F806-4DB0-A342-CB1B15962BDD}.AppStore|iPhoneSimulator.Build.0 = Release|Any CPU
		{E6655270-F806-4DB0-A342-CB1B15962BDD}.AppStore|iPhoneSimulator.Deploy.0 = Release|Any CPU
		{E6655270-F806-4DB0-A342-CB1B15962BDD}.AppStore|x64.ActiveCfg = Debug|Any CPU
		{E6655270-F806-4DB0-A342-CB1B15962BDD}.AppStore|x64.Build.0 = Debug|Any CPU
		{E6655270-F806-4DB0-A342-CB1B15962BDD}.AppStore|x64.Deploy.0 = Debug|Any CPU
		{E6655270-F806-4DB0-A342-CB1B15962BDD}.AppStore|x86.ActiveCfg = Debug|Any CPU
		{E6655270-F806-4DB0-A342-CB1B15962BDD}.AppStore|x86.Build.0 = Debug|Any CPU
		{E6655270-F806-4DB0-A342-CB1B15962BDD}.AppStore|x86.Deploy.0 = Debug|Any CPU
		{E6655270-F806-4DB0-A342-CB1B15962BDD}.Debug|Any CPU.ActiveCfg = Debug|Any CPU
		{E6655270-F806-4DB0-A342-CB1B15962BDD}.Debug|Any CPU.Build.0 = Debug|Any CPU
		{E6655270-F806-4DB0-A342-CB1B15962BDD}.Debug|Any CPU.Deploy.0 = Debug|Any CPU
		{E6655270-F806-4DB0-A342-CB1B15962BDD}.Debug|ARM.ActiveCfg = Debug|Any CPU
		{E6655270-F806-4DB0-A342-CB1B15962BDD}.Debug|ARM.Build.0 = Debug|Any CPU
		{E6655270-F806-4DB0-A342-CB1B15962BDD}.Debug|ARM.Deploy.0 = Debug|Any CPU
		{E6655270-F806-4DB0-A342-CB1B15962BDD}.Debug|ARM64.ActiveCfg = Debug|Any CPU
		{E6655270-F806-4DB0-A342-CB1B15962BDD}.Debug|ARM64.Build.0 = Debug|Any CPU
		{E6655270-F806-4DB0-A342-CB1B15962BDD}.Debug|ARM64.Deploy.0 = Debug|Any CPU
		{E6655270-F806-4DB0-A342-CB1B15962BDD}.Debug|iPhone.ActiveCfg = Debug|Any CPU
		{E6655270-F806-4DB0-A342-CB1B15962BDD}.Debug|iPhone.Build.0 = Debug|Any CPU
		{E6655270-F806-4DB0-A342-CB1B15962BDD}.Debug|iPhone.Deploy.0 = Debug|Any CPU
		{E6655270-F806-4DB0-A342-CB1B15962BDD}.Debug|iPhoneSimulator.ActiveCfg = Debug|Any CPU
		{E6655270-F806-4DB0-A342-CB1B15962BDD}.Debug|iPhoneSimulator.Build.0 = Debug|Any CPU
		{E6655270-F806-4DB0-A342-CB1B15962BDD}.Debug|iPhoneSimulator.Deploy.0 = Debug|Any CPU
		{E6655270-F806-4DB0-A342-CB1B15962BDD}.Debug|x64.ActiveCfg = Debug|Any CPU
		{E6655270-F806-4DB0-A342-CB1B15962BDD}.Debug|x64.Build.0 = Debug|Any CPU
		{E6655270-F806-4DB0-A342-CB1B15962BDD}.Debug|x64.Deploy.0 = Debug|Any CPU
		{E6655270-F806-4DB0-A342-CB1B15962BDD}.Debug|x86.ActiveCfg = Debug|Any CPU
		{E6655270-F806-4DB0-A342-CB1B15962BDD}.Debug|x86.Build.0 = Debug|Any CPU
		{E6655270-F806-4DB0-A342-CB1B15962BDD}.Debug|x86.Deploy.0 = Debug|Any CPU
		{E6655270-F806-4DB0-A342-CB1B15962BDD}.Release|Any CPU.ActiveCfg = Release|Any CPU
		{E6655270-F806-4DB0-A342-CB1B15962BDD}.Release|Any CPU.Build.0 = Release|Any CPU
		{E6655270-F806-4DB0-A342-CB1B15962BDD}.Release|Any CPU.Deploy.0 = Release|Any CPU
		{E6655270-F806-4DB0-A342-CB1B15962BDD}.Release|ARM.ActiveCfg = Release|Any CPU
		{E6655270-F806-4DB0-A342-CB1B15962BDD}.Release|ARM.Build.0 = Release|Any CPU
		{E6655270-F806-4DB0-A342-CB1B15962BDD}.Release|ARM.Deploy.0 = Release|Any CPU
		{E6655270-F806-4DB0-A342-CB1B15962BDD}.Release|ARM64.ActiveCfg = Release|Any CPU
		{E6655270-F806-4DB0-A342-CB1B15962BDD}.Release|ARM64.Build.0 = Release|Any CPU
		{E6655270-F806-4DB0-A342-CB1B15962BDD}.Release|ARM64.Deploy.0 = Release|Any CPU
		{E6655270-F806-4DB0-A342-CB1B15962BDD}.Release|iPhone.ActiveCfg = Release|Any CPU
		{E6655270-F806-4DB0-A342-CB1B15962BDD}.Release|iPhone.Build.0 = Release|Any CPU
		{E6655270-F806-4DB0-A342-CB1B15962BDD}.Release|iPhone.Deploy.0 = Release|Any CPU
		{E6655270-F806-4DB0-A342-CB1B15962BDD}.Release|iPhoneSimulator.ActiveCfg = Release|Any CPU
		{E6655270-F806-4DB0-A342-CB1B15962BDD}.Release|iPhoneSimulator.Build.0 = Release|Any CPU
		{E6655270-F806-4DB0-A342-CB1B15962BDD}.Release|iPhoneSimulator.Deploy.0 = Release|Any CPU
		{E6655270-F806-4DB0-A342-CB1B15962BDD}.Release|x64.ActiveCfg = Release|Any CPU
		{E6655270-F806-4DB0-A342-CB1B15962BDD}.Release|x64.Build.0 = Release|Any CPU
		{E6655270-F806-4DB0-A342-CB1B15962BDD}.Release|x64.Deploy.0 = Release|Any CPU
		{E6655270-F806-4DB0-A342-CB1B15962BDD}.Release|x86.ActiveCfg = Release|Any CPU
		{E6655270-F806-4DB0-A342-CB1B15962BDD}.Release|x86.Build.0 = Release|Any CPU
		{E6655270-F806-4DB0-A342-CB1B15962BDD}.Release|x86.Deploy.0 = Release|Any CPU
		{8305A27F-5DEB-453B-9FB8-6A381795DDF5}.Ad-Hoc|Any CPU.ActiveCfg = Ad-Hoc|iPhone
		{8305A27F-5DEB-453B-9FB8-6A381795DDF5}.Ad-Hoc|Any CPU.Build.0 = Ad-Hoc|iPhone
		{8305A27F-5DEB-453B-9FB8-6A381795DDF5}.Ad-Hoc|Any CPU.Deploy.0 = Ad-Hoc|iPhone
		{8305A27F-5DEB-453B-9FB8-6A381795DDF5}.Ad-Hoc|ARM.ActiveCfg = Ad-Hoc|iPhoneSimulator
		{8305A27F-5DEB-453B-9FB8-6A381795DDF5}.Ad-Hoc|ARM64.ActiveCfg = Ad-Hoc|iPhoneSimulator
		{8305A27F-5DEB-453B-9FB8-6A381795DDF5}.Ad-Hoc|iPhone.ActiveCfg = Ad-Hoc|iPhone
		{8305A27F-5DEB-453B-9FB8-6A381795DDF5}.Ad-Hoc|iPhone.Build.0 = Ad-Hoc|iPhone
		{8305A27F-5DEB-453B-9FB8-6A381795DDF5}.Ad-Hoc|iPhone.Deploy.0 = Ad-Hoc|iPhone
		{8305A27F-5DEB-453B-9FB8-6A381795DDF5}.Ad-Hoc|iPhoneSimulator.ActiveCfg = Ad-Hoc|iPhoneSimulator
		{8305A27F-5DEB-453B-9FB8-6A381795DDF5}.Ad-Hoc|iPhoneSimulator.Build.0 = Ad-Hoc|iPhoneSimulator
		{8305A27F-5DEB-453B-9FB8-6A381795DDF5}.Ad-Hoc|iPhoneSimulator.Deploy.0 = Ad-Hoc|iPhoneSimulator
		{8305A27F-5DEB-453B-9FB8-6A381795DDF5}.Ad-Hoc|x64.ActiveCfg = Ad-Hoc|iPhoneSimulator
		{8305A27F-5DEB-453B-9FB8-6A381795DDF5}.Ad-Hoc|x86.ActiveCfg = Ad-Hoc|iPhoneSimulator
		{8305A27F-5DEB-453B-9FB8-6A381795DDF5}.AppStore|Any CPU.ActiveCfg = AppStore|iPhone
		{8305A27F-5DEB-453B-9FB8-6A381795DDF5}.AppStore|Any CPU.Build.0 = AppStore|iPhone
		{8305A27F-5DEB-453B-9FB8-6A381795DDF5}.AppStore|Any CPU.Deploy.0 = AppStore|iPhone
		{8305A27F-5DEB-453B-9FB8-6A381795DDF5}.AppStore|ARM.ActiveCfg = AppStore|iPhoneSimulator
		{8305A27F-5DEB-453B-9FB8-6A381795DDF5}.AppStore|ARM64.ActiveCfg = AppStore|iPhoneSimulator
		{8305A27F-5DEB-453B-9FB8-6A381795DDF5}.AppStore|iPhone.ActiveCfg = AppStore|iPhone
		{8305A27F-5DEB-453B-9FB8-6A381795DDF5}.AppStore|iPhone.Build.0 = AppStore|iPhone
		{8305A27F-5DEB-453B-9FB8-6A381795DDF5}.AppStore|iPhone.Deploy.0 = AppStore|iPhone
		{8305A27F-5DEB-453B-9FB8-6A381795DDF5}.AppStore|iPhoneSimulator.ActiveCfg = AppStore|iPhoneSimulator
		{8305A27F-5DEB-453B-9FB8-6A381795DDF5}.AppStore|iPhoneSimulator.Build.0 = AppStore|iPhoneSimulator
		{8305A27F-5DEB-453B-9FB8-6A381795DDF5}.AppStore|iPhoneSimulator.Deploy.0 = AppStore|iPhoneSimulator
		{8305A27F-5DEB-453B-9FB8-6A381795DDF5}.AppStore|x64.ActiveCfg = AppStore|iPhoneSimulator
		{8305A27F-5DEB-453B-9FB8-6A381795DDF5}.AppStore|x86.ActiveCfg = AppStore|iPhoneSimulator
		{8305A27F-5DEB-453B-9FB8-6A381795DDF5}.Debug|Any CPU.ActiveCfg = Debug|iPhoneSimulator
		{8305A27F-5DEB-453B-9FB8-6A381795DDF5}.Debug|Any CPU.Build.0 = Debug|iPhoneSimulator
		{8305A27F-5DEB-453B-9FB8-6A381795DDF5}.Debug|Any CPU.Deploy.0 = Debug|iPhoneSimulator
		{8305A27F-5DEB-453B-9FB8-6A381795DDF5}.Debug|ARM.ActiveCfg = Debug|iPhone
		{8305A27F-5DEB-453B-9FB8-6A381795DDF5}.Debug|ARM64.ActiveCfg = Debug|iPhone
		{8305A27F-5DEB-453B-9FB8-6A381795DDF5}.Debug|iPhone.ActiveCfg = Debug|iPhone
		{8305A27F-5DEB-453B-9FB8-6A381795DDF5}.Debug|iPhone.Build.0 = Debug|iPhone
		{8305A27F-5DEB-453B-9FB8-6A381795DDF5}.Debug|iPhone.Deploy.0 = Debug|iPhone
		{8305A27F-5DEB-453B-9FB8-6A381795DDF5}.Debug|iPhoneSimulator.ActiveCfg = Debug|iPhoneSimulator
		{8305A27F-5DEB-453B-9FB8-6A381795DDF5}.Debug|iPhoneSimulator.Build.0 = Debug|iPhoneSimulator
		{8305A27F-5DEB-453B-9FB8-6A381795DDF5}.Debug|iPhoneSimulator.Deploy.0 = Debug|iPhoneSimulator
		{8305A27F-5DEB-453B-9FB8-6A381795DDF5}.Debug|x64.ActiveCfg = Debug|iPhone
		{8305A27F-5DEB-453B-9FB8-6A381795DDF5}.Debug|x86.ActiveCfg = Debug|iPhone
		{8305A27F-5DEB-453B-9FB8-6A381795DDF5}.Release|Any CPU.ActiveCfg = Release|iPhone
		{8305A27F-5DEB-453B-9FB8-6A381795DDF5}.Release|Any CPU.Build.0 = Release|iPhone
		{8305A27F-5DEB-453B-9FB8-6A381795DDF5}.Release|Any CPU.Deploy.0 = Release|iPhone
		{8305A27F-5DEB-453B-9FB8-6A381795DDF5}.Release|ARM.ActiveCfg = Release|iPhoneSimulator
		{8305A27F-5DEB-453B-9FB8-6A381795DDF5}.Release|ARM64.ActiveCfg = Release|iPhoneSimulator
		{8305A27F-5DEB-453B-9FB8-6A381795DDF5}.Release|iPhone.ActiveCfg = Release|iPhone
		{8305A27F-5DEB-453B-9FB8-6A381795DDF5}.Release|iPhone.Build.0 = Release|iPhone
		{8305A27F-5DEB-453B-9FB8-6A381795DDF5}.Release|iPhone.Deploy.0 = Release|iPhone
		{8305A27F-5DEB-453B-9FB8-6A381795DDF5}.Release|iPhoneSimulator.ActiveCfg = Release|iPhoneSimulator
		{8305A27F-5DEB-453B-9FB8-6A381795DDF5}.Release|iPhoneSimulator.Build.0 = Release|iPhoneSimulator
		{8305A27F-5DEB-453B-9FB8-6A381795DDF5}.Release|iPhoneSimulator.Deploy.0 = Release|iPhoneSimulator
		{8305A27F-5DEB-453B-9FB8-6A381795DDF5}.Release|x64.ActiveCfg = Release|iPhoneSimulator
		{8305A27F-5DEB-453B-9FB8-6A381795DDF5}.Release|x86.ActiveCfg = Release|iPhoneSimulator
		{7FF6BD03-5606-44E1-80EE-F66915E08232}.Ad-Hoc|Any CPU.ActiveCfg = Debug|Any CPU
		{7FF6BD03-5606-44E1-80EE-F66915E08232}.Ad-Hoc|Any CPU.Build.0 = Debug|Any CPU
		{7FF6BD03-5606-44E1-80EE-F66915E08232}.Ad-Hoc|Any CPU.Deploy.0 = Debug|Any CPU
		{7FF6BD03-5606-44E1-80EE-F66915E08232}.Ad-Hoc|ARM.ActiveCfg = Release|Any CPU
		{7FF6BD03-5606-44E1-80EE-F66915E08232}.Ad-Hoc|ARM.Build.0 = Release|Any CPU
		{7FF6BD03-5606-44E1-80EE-F66915E08232}.Ad-Hoc|ARM64.ActiveCfg = Release|Any CPU
		{7FF6BD03-5606-44E1-80EE-F66915E08232}.Ad-Hoc|ARM64.Build.0 = Release|Any CPU
		{7FF6BD03-5606-44E1-80EE-F66915E08232}.Ad-Hoc|iPhone.ActiveCfg = Debug|Any CPU
		{7FF6BD03-5606-44E1-80EE-F66915E08232}.Ad-Hoc|iPhone.Build.0 = Debug|Any CPU
		{7FF6BD03-5606-44E1-80EE-F66915E08232}.Ad-Hoc|iPhone.Deploy.0 = Debug|Any CPU
		{7FF6BD03-5606-44E1-80EE-F66915E08232}.Ad-Hoc|iPhoneSimulator.ActiveCfg = Debug|Any CPU
		{7FF6BD03-5606-44E1-80EE-F66915E08232}.Ad-Hoc|iPhoneSimulator.Build.0 = Debug|Any CPU
		{7FF6BD03-5606-44E1-80EE-F66915E08232}.Ad-Hoc|iPhoneSimulator.Deploy.0 = Debug|Any CPU
		{7FF6BD03-5606-44E1-80EE-F66915E08232}.Ad-Hoc|x64.ActiveCfg = Release|Any CPU
		{7FF6BD03-5606-44E1-80EE-F66915E08232}.Ad-Hoc|x64.Build.0 = Release|Any CPU
		{7FF6BD03-5606-44E1-80EE-F66915E08232}.Ad-Hoc|x86.ActiveCfg = Release|Any CPU
		{7FF6BD03-5606-44E1-80EE-F66915E08232}.Ad-Hoc|x86.Build.0 = Release|Any CPU
		{7FF6BD03-5606-44E1-80EE-F66915E08232}.AppStore|Any CPU.ActiveCfg = Debug|Any CPU
		{7FF6BD03-5606-44E1-80EE-F66915E08232}.AppStore|Any CPU.Build.0 = Debug|Any CPU
		{7FF6BD03-5606-44E1-80EE-F66915E08232}.AppStore|Any CPU.Deploy.0 = Debug|Any CPU
		{7FF6BD03-5606-44E1-80EE-F66915E08232}.AppStore|ARM.ActiveCfg = Release|Any CPU
		{7FF6BD03-5606-44E1-80EE-F66915E08232}.AppStore|ARM.Build.0 = Release|Any CPU
		{7FF6BD03-5606-44E1-80EE-F66915E08232}.AppStore|ARM64.ActiveCfg = Release|Any CPU
		{7FF6BD03-5606-44E1-80EE-F66915E08232}.AppStore|ARM64.Build.0 = Release|Any CPU
		{7FF6BD03-5606-44E1-80EE-F66915E08232}.AppStore|iPhone.ActiveCfg = Debug|Any CPU
		{7FF6BD03-5606-44E1-80EE-F66915E08232}.AppStore|iPhone.Build.0 = Debug|Any CPU
		{7FF6BD03-5606-44E1-80EE-F66915E08232}.AppStore|iPhone.Deploy.0 = Debug|Any CPU
		{7FF6BD03-5606-44E1-80EE-F66915E08232}.AppStore|iPhoneSimulator.ActiveCfg = Debug|Any CPU
		{7FF6BD03-5606-44E1-80EE-F66915E08232}.AppStore|iPhoneSimulator.Build.0 = Debug|Any CPU
		{7FF6BD03-5606-44E1-80EE-F66915E08232}.AppStore|iPhoneSimulator.Deploy.0 = Debug|Any CPU
		{7FF6BD03-5606-44E1-80EE-F66915E08232}.AppStore|x64.ActiveCfg = Release|Any CPU
		{7FF6BD03-5606-44E1-80EE-F66915E08232}.AppStore|x64.Build.0 = Release|Any CPU
		{7FF6BD03-5606-44E1-80EE-F66915E08232}.AppStore|x86.ActiveCfg = Release|Any CPU
		{7FF6BD03-5606-44E1-80EE-F66915E08232}.AppStore|x86.Build.0 = Release|Any CPU
		{7FF6BD03-5606-44E1-80EE-F66915E08232}.Debug|Any CPU.ActiveCfg = Debug|Any CPU
		{7FF6BD03-5606-44E1-80EE-F66915E08232}.Debug|Any CPU.Build.0 = Debug|Any CPU
		{7FF6BD03-5606-44E1-80EE-F66915E08232}.Debug|Any CPU.Deploy.0 = Debug|Any CPU
		{7FF6BD03-5606-44E1-80EE-F66915E08232}.Debug|ARM.ActiveCfg = Debug|Any CPU
		{7FF6BD03-5606-44E1-80EE-F66915E08232}.Debug|ARM.Build.0 = Debug|Any CPU
		{7FF6BD03-5606-44E1-80EE-F66915E08232}.Debug|ARM64.ActiveCfg = Debug|Any CPU
		{7FF6BD03-5606-44E1-80EE-F66915E08232}.Debug|ARM64.Build.0 = Debug|Any CPU
		{7FF6BD03-5606-44E1-80EE-F66915E08232}.Debug|iPhone.ActiveCfg = Debug|Any CPU
		{7FF6BD03-5606-44E1-80EE-F66915E08232}.Debug|iPhone.Build.0 = Debug|Any CPU
		{7FF6BD03-5606-44E1-80EE-F66915E08232}.Debug|iPhone.Deploy.0 = Debug|Any CPU
		{7FF6BD03-5606-44E1-80EE-F66915E08232}.Debug|iPhoneSimulator.ActiveCfg = Debug|Any CPU
		{7FF6BD03-5606-44E1-80EE-F66915E08232}.Debug|iPhoneSimulator.Build.0 = Debug|Any CPU
		{7FF6BD03-5606-44E1-80EE-F66915E08232}.Debug|iPhoneSimulator.Deploy.0 = Debug|Any CPU
		{7FF6BD03-5606-44E1-80EE-F66915E08232}.Debug|x64.ActiveCfg = Debug|Any CPU
		{7FF6BD03-5606-44E1-80EE-F66915E08232}.Debug|x64.Build.0 = Debug|Any CPU
		{7FF6BD03-5606-44E1-80EE-F66915E08232}.Debug|x86.ActiveCfg = Debug|Any CPU
		{7FF6BD03-5606-44E1-80EE-F66915E08232}.Debug|x86.Build.0 = Debug|Any CPU
		{7FF6BD03-5606-44E1-80EE-F66915E08232}.Release|Any CPU.ActiveCfg = Release|Any CPU
		{7FF6BD03-5606-44E1-80EE-F66915E08232}.Release|Any CPU.Build.0 = Release|Any CPU
		{7FF6BD03-5606-44E1-80EE-F66915E08232}.Release|Any CPU.Deploy.0 = Release|Any CPU
		{7FF6BD03-5606-44E1-80EE-F66915E08232}.Release|ARM.ActiveCfg = Release|Any CPU
		{7FF6BD03-5606-44E1-80EE-F66915E08232}.Release|ARM.Build.0 = Release|Any CPU
		{7FF6BD03-5606-44E1-80EE-F66915E08232}.Release|ARM64.ActiveCfg = Release|Any CPU
		{7FF6BD03-5606-44E1-80EE-F66915E08232}.Release|ARM64.Build.0 = Release|Any CPU
		{7FF6BD03-5606-44E1-80EE-F66915E08232}.Release|iPhone.ActiveCfg = Release|Any CPU
		{7FF6BD03-5606-44E1-80EE-F66915E08232}.Release|iPhone.Build.0 = Release|Any CPU
		{7FF6BD03-5606-44E1-80EE-F66915E08232}.Release|iPhone.Deploy.0 = Release|Any CPU
		{7FF6BD03-5606-44E1-80EE-F66915E08232}.Release|iPhoneSimulator.ActiveCfg = Release|Any CPU
		{7FF6BD03-5606-44E1-80EE-F66915E08232}.Release|iPhoneSimulator.Build.0 = Release|Any CPU
		{7FF6BD03-5606-44E1-80EE-F66915E08232}.Release|iPhoneSimulator.Deploy.0 = Release|Any CPU
		{7FF6BD03-5606-44E1-80EE-F66915E08232}.Release|x64.ActiveCfg = Release|Any CPU
		{7FF6BD03-5606-44E1-80EE-F66915E08232}.Release|x64.Build.0 = Release|Any CPU
		{7FF6BD03-5606-44E1-80EE-F66915E08232}.Release|x86.ActiveCfg = Release|Any CPU
		{7FF6BD03-5606-44E1-80EE-F66915E08232}.Release|x86.Build.0 = Release|Any CPU
		{082E169B-8CF4-4F89-B231-EE2A748FDF2E}.Ad-Hoc|Any CPU.ActiveCfg = Release|x64
		{082E169B-8CF4-4F89-B231-EE2A748FDF2E}.Ad-Hoc|Any CPU.Build.0 = Release|x64
		{082E169B-8CF4-4F89-B231-EE2A748FDF2E}.Ad-Hoc|Any CPU.Deploy.0 = Release|x64
		{082E169B-8CF4-4F89-B231-EE2A748FDF2E}.Ad-Hoc|ARM.ActiveCfg = Release|ARM
		{082E169B-8CF4-4F89-B231-EE2A748FDF2E}.Ad-Hoc|ARM.Build.0 = Release|ARM
		{082E169B-8CF4-4F89-B231-EE2A748FDF2E}.Ad-Hoc|ARM.Deploy.0 = Release|ARM
		{082E169B-8CF4-4F89-B231-EE2A748FDF2E}.Ad-Hoc|ARM64.ActiveCfg = Release|ARM64
		{082E169B-8CF4-4F89-B231-EE2A748FDF2E}.Ad-Hoc|ARM64.Build.0 = Release|ARM64
		{082E169B-8CF4-4F89-B231-EE2A748FDF2E}.Ad-Hoc|ARM64.Deploy.0 = Release|ARM64
		{082E169B-8CF4-4F89-B231-EE2A748FDF2E}.Ad-Hoc|iPhone.ActiveCfg = Release|x64
		{082E169B-8CF4-4F89-B231-EE2A748FDF2E}.Ad-Hoc|iPhone.Build.0 = Release|x64
		{082E169B-8CF4-4F89-B231-EE2A748FDF2E}.Ad-Hoc|iPhone.Deploy.0 = Release|x64
		{082E169B-8CF4-4F89-B231-EE2A748FDF2E}.Ad-Hoc|iPhoneSimulator.ActiveCfg = Release|x64
		{082E169B-8CF4-4F89-B231-EE2A748FDF2E}.Ad-Hoc|iPhoneSimulator.Build.0 = Release|x64
		{082E169B-8CF4-4F89-B231-EE2A748FDF2E}.Ad-Hoc|iPhoneSimulator.Deploy.0 = Release|x64
		{082E169B-8CF4-4F89-B231-EE2A748FDF2E}.Ad-Hoc|x64.ActiveCfg = Release|x64
		{082E169B-8CF4-4F89-B231-EE2A748FDF2E}.Ad-Hoc|x64.Build.0 = Release|x64
		{082E169B-8CF4-4F89-B231-EE2A748FDF2E}.Ad-Hoc|x64.Deploy.0 = Release|x64
		{082E169B-8CF4-4F89-B231-EE2A748FDF2E}.Ad-Hoc|x86.ActiveCfg = Release|x86
		{082E169B-8CF4-4F89-B231-EE2A748FDF2E}.Ad-Hoc|x86.Build.0 = Release|x86
		{082E169B-8CF4-4F89-B231-EE2A748FDF2E}.Ad-Hoc|x86.Deploy.0 = Release|x86
		{082E169B-8CF4-4F89-B231-EE2A748FDF2E}.AppStore|Any CPU.ActiveCfg = Release|x64
		{082E169B-8CF4-4F89-B231-EE2A748FDF2E}.AppStore|Any CPU.Build.0 = Release|x64
		{082E169B-8CF4-4F89-B231-EE2A748FDF2E}.AppStore|Any CPU.Deploy.0 = Release|x64
		{082E169B-8CF4-4F89-B231-EE2A748FDF2E}.AppStore|ARM.ActiveCfg = Release|ARM
		{082E169B-8CF4-4F89-B231-EE2A748FDF2E}.AppStore|ARM.Build.0 = Release|ARM
		{082E169B-8CF4-4F89-B231-EE2A748FDF2E}.AppStore|ARM.Deploy.0 = Release|ARM
		{082E169B-8CF4-4F89-B231-EE2A748FDF2E}.AppStore|ARM64.ActiveCfg = Release|ARM64
		{082E169B-8CF4-4F89-B231-EE2A748FDF2E}.AppStore|ARM64.Build.0 = Release|ARM64
		{082E169B-8CF4-4F89-B231-EE2A748FDF2E}.AppStore|ARM64.Deploy.0 = Release|ARM64
		{082E169B-8CF4-4F89-B231-EE2A748FDF2E}.AppStore|iPhone.ActiveCfg = Release|x64
		{082E169B-8CF4-4F89-B231-EE2A748FDF2E}.AppStore|iPhone.Build.0 = Release|x64
		{082E169B-8CF4-4F89-B231-EE2A748FDF2E}.AppStore|iPhone.Deploy.0 = Release|x64
		{082E169B-8CF4-4F89-B231-EE2A748FDF2E}.AppStore|iPhoneSimulator.ActiveCfg = Release|x64
		{082E169B-8CF4-4F89-B231-EE2A748FDF2E}.AppStore|iPhoneSimulator.Build.0 = Release|x64
		{082E169B-8CF4-4F89-B231-EE2A748FDF2E}.AppStore|iPhoneSimulator.Deploy.0 = Release|x64
		{082E169B-8CF4-4F89-B231-EE2A748FDF2E}.AppStore|x64.ActiveCfg = Release|x64
		{082E169B-8CF4-4F89-B231-EE2A748FDF2E}.AppStore|x64.Build.0 = Release|x64
		{082E169B-8CF4-4F89-B231-EE2A748FDF2E}.AppStore|x64.Deploy.0 = Release|x64
		{082E169B-8CF4-4F89-B231-EE2A748FDF2E}.AppStore|x86.ActiveCfg = Release|x86
		{082E169B-8CF4-4F89-B231-EE2A748FDF2E}.AppStore|x86.Build.0 = Release|x86
		{082E169B-8CF4-4F89-B231-EE2A748FDF2E}.AppStore|x86.Deploy.0 = Release|x86
		{082E169B-8CF4-4F89-B231-EE2A748FDF2E}.Debug|Any CPU.ActiveCfg = Debug|x86
		{082E169B-8CF4-4F89-B231-EE2A748FDF2E}.Debug|ARM.ActiveCfg = Debug|ARM
		{082E169B-8CF4-4F89-B231-EE2A748FDF2E}.Debug|ARM.Build.0 = Debug|ARM
		{082E169B-8CF4-4F89-B231-EE2A748FDF2E}.Debug|ARM.Deploy.0 = Debug|ARM
		{082E169B-8CF4-4F89-B231-EE2A748FDF2E}.Debug|ARM64.ActiveCfg = Debug|ARM64
		{082E169B-8CF4-4F89-B231-EE2A748FDF2E}.Debug|ARM64.Build.0 = Debug|ARM64
		{082E169B-8CF4-4F89-B231-EE2A748FDF2E}.Debug|ARM64.Deploy.0 = Debug|ARM64
		{082E169B-8CF4-4F89-B231-EE2A748FDF2E}.Debug|iPhone.ActiveCfg = Debug|x86
		{082E169B-8CF4-4F89-B231-EE2A748FDF2E}.Debug|iPhoneSimulator.ActiveCfg = Debug|x86
		{082E169B-8CF4-4F89-B231-EE2A748FDF2E}.Debug|x64.ActiveCfg = Debug|x64
		{082E169B-8CF4-4F89-B231-EE2A748FDF2E}.Debug|x64.Build.0 = Debug|x64
		{082E169B-8CF4-4F89-B231-EE2A748FDF2E}.Debug|x64.Deploy.0 = Debug|x64
		{082E169B-8CF4-4F89-B231-EE2A748FDF2E}.Debug|x86.ActiveCfg = Debug|x86
		{082E169B-8CF4-4F89-B231-EE2A748FDF2E}.Debug|x86.Build.0 = Debug|x86
		{082E169B-8CF4-4F89-B231-EE2A748FDF2E}.Debug|x86.Deploy.0 = Debug|x86
		{082E169B-8CF4-4F89-B231-EE2A748FDF2E}.Release|Any CPU.ActiveCfg = Release|x86
		{082E169B-8CF4-4F89-B231-EE2A748FDF2E}.Release|ARM.ActiveCfg = Release|ARM
		{082E169B-8CF4-4F89-B231-EE2A748FDF2E}.Release|ARM.Build.0 = Release|ARM
		{082E169B-8CF4-4F89-B231-EE2A748FDF2E}.Release|ARM.Deploy.0 = Release|ARM
		{082E169B-8CF4-4F89-B231-EE2A748FDF2E}.Release|ARM64.ActiveCfg = Release|ARM64
		{082E169B-8CF4-4F89-B231-EE2A748FDF2E}.Release|ARM64.Build.0 = Release|ARM64
		{082E169B-8CF4-4F89-B231-EE2A748FDF2E}.Release|ARM64.Deploy.0 = Release|ARM64
		{082E169B-8CF4-4F89-B231-EE2A748FDF2E}.Release|iPhone.ActiveCfg = Release|x86
		{082E169B-8CF4-4F89-B231-EE2A748FDF2E}.Release|iPhoneSimulator.ActiveCfg = Release|x86
		{082E169B-8CF4-4F89-B231-EE2A748FDF2E}.Release|x64.ActiveCfg = Release|x64
		{082E169B-8CF4-4F89-B231-EE2A748FDF2E}.Release|x64.Build.0 = Release|x64
		{082E169B-8CF4-4F89-B231-EE2A748FDF2E}.Release|x64.Deploy.0 = Release|x64
		{082E169B-8CF4-4F89-B231-EE2A748FDF2E}.Release|x86.ActiveCfg = Release|x86
		{082E169B-8CF4-4F89-B231-EE2A748FDF2E}.Release|x86.Build.0 = Release|x86
		{082E169B-8CF4-4F89-B231-EE2A748FDF2E}.Release|x86.Deploy.0 = Release|x86
		{7212660C-F3E6-4C30-A63C-A6B1D4C3CC81}.Ad-Hoc|Any CPU.ActiveCfg = Debug|Any CPU
		{7212660C-F3E6-4C30-A63C-A6B1D4C3CC81}.Ad-Hoc|Any CPU.Build.0 = Debug|Any CPU
		{7212660C-F3E6-4C30-A63C-A6B1D4C3CC81}.Ad-Hoc|ARM.ActiveCfg = Debug|Any CPU
		{7212660C-F3E6-4C30-A63C-A6B1D4C3CC81}.Ad-Hoc|ARM.Build.0 = Debug|Any CPU
		{7212660C-F3E6-4C30-A63C-A6B1D4C3CC81}.Ad-Hoc|ARM64.ActiveCfg = Debug|Any CPU
		{7212660C-F3E6-4C30-A63C-A6B1D4C3CC81}.Ad-Hoc|ARM64.Build.0 = Debug|Any CPU
		{7212660C-F3E6-4C30-A63C-A6B1D4C3CC81}.Ad-Hoc|iPhone.ActiveCfg = Debug|Any CPU
		{7212660C-F3E6-4C30-A63C-A6B1D4C3CC81}.Ad-Hoc|iPhone.Build.0 = Debug|Any CPU
		{7212660C-F3E6-4C30-A63C-A6B1D4C3CC81}.Ad-Hoc|iPhoneSimulator.ActiveCfg = Debug|Any CPU
		{7212660C-F3E6-4C30-A63C-A6B1D4C3CC81}.Ad-Hoc|iPhoneSimulator.Build.0 = Debug|Any CPU
		{7212660C-F3E6-4C30-A63C-A6B1D4C3CC81}.Ad-Hoc|x64.ActiveCfg = Debug|Any CPU
		{7212660C-F3E6-4C30-A63C-A6B1D4C3CC81}.Ad-Hoc|x64.Build.0 = Debug|Any CPU
		{7212660C-F3E6-4C30-A63C-A6B1D4C3CC81}.Ad-Hoc|x86.ActiveCfg = Debug|Any CPU
		{7212660C-F3E6-4C30-A63C-A6B1D4C3CC81}.Ad-Hoc|x86.Build.0 = Debug|Any CPU
		{7212660C-F3E6-4C30-A63C-A6B1D4C3CC81}.AppStore|Any CPU.ActiveCfg = Debug|Any CPU
		{7212660C-F3E6-4C30-A63C-A6B1D4C3CC81}.AppStore|Any CPU.Build.0 = Debug|Any CPU
		{7212660C-F3E6-4C30-A63C-A6B1D4C3CC81}.AppStore|ARM.ActiveCfg = Debug|Any CPU
		{7212660C-F3E6-4C30-A63C-A6B1D4C3CC81}.AppStore|ARM.Build.0 = Debug|Any CPU
		{7212660C-F3E6-4C30-A63C-A6B1D4C3CC81}.AppStore|ARM64.ActiveCfg = Debug|Any CPU
		{7212660C-F3E6-4C30-A63C-A6B1D4C3CC81}.AppStore|ARM64.Build.0 = Debug|Any CPU
		{7212660C-F3E6-4C30-A63C-A6B1D4C3CC81}.AppStore|iPhone.ActiveCfg = Debug|Any CPU
		{7212660C-F3E6-4C30-A63C-A6B1D4C3CC81}.AppStore|iPhone.Build.0 = Debug|Any CPU
		{7212660C-F3E6-4C30-A63C-A6B1D4C3CC81}.AppStore|iPhoneSimulator.ActiveCfg = Debug|Any CPU
		{7212660C-F3E6-4C30-A63C-A6B1D4C3CC81}.AppStore|iPhoneSimulator.Build.0 = Debug|Any CPU
		{7212660C-F3E6-4C30-A63C-A6B1D4C3CC81}.AppStore|x64.ActiveCfg = Debug|Any CPU
		{7212660C-F3E6-4C30-A63C-A6B1D4C3CC81}.AppStore|x64.Build.0 = Debug|Any CPU
		{7212660C-F3E6-4C30-A63C-A6B1D4C3CC81}.AppStore|x86.ActiveCfg = Debug|Any CPU
		{7212660C-F3E6-4C30-A63C-A6B1D4C3CC81}.AppStore|x86.Build.0 = Debug|Any CPU
		{7212660C-F3E6-4C30-A63C-A6B1D4C3CC81}.Debug|Any CPU.ActiveCfg = Debug|Any CPU
		{7212660C-F3E6-4C30-A63C-A6B1D4C3CC81}.Debug|Any CPU.Build.0 = Debug|Any CPU
		{7212660C-F3E6-4C30-A63C-A6B1D4C3CC81}.Debug|ARM.ActiveCfg = Debug|Any CPU
		{7212660C-F3E6-4C30-A63C-A6B1D4C3CC81}.Debug|ARM.Build.0 = Debug|Any CPU
		{7212660C-F3E6-4C30-A63C-A6B1D4C3CC81}.Debug|ARM64.ActiveCfg = Debug|Any CPU
		{7212660C-F3E6-4C30-A63C-A6B1D4C3CC81}.Debug|ARM64.Build.0 = Debug|Any CPU
		{7212660C-F3E6-4C30-A63C-A6B1D4C3CC81}.Debug|iPhone.ActiveCfg = Debug|Any CPU
		{7212660C-F3E6-4C30-A63C-A6B1D4C3CC81}.Debug|iPhone.Build.0 = Debug|Any CPU
		{7212660C-F3E6-4C30-A63C-A6B1D4C3CC81}.Debug|iPhoneSimulator.ActiveCfg = Debug|Any CPU
		{7212660C-F3E6-4C30-A63C-A6B1D4C3CC81}.Debug|iPhoneSimulator.Build.0 = Debug|Any CPU
		{7212660C-F3E6-4C30-A63C-A6B1D4C3CC81}.Debug|x64.ActiveCfg = Debug|Any CPU
		{7212660C-F3E6-4C30-A63C-A6B1D4C3CC81}.Debug|x64.Build.0 = Debug|Any CPU
		{7212660C-F3E6-4C30-A63C-A6B1D4C3CC81}.Debug|x86.ActiveCfg = Debug|Any CPU
		{7212660C-F3E6-4C30-A63C-A6B1D4C3CC81}.Debug|x86.Build.0 = Debug|Any CPU
		{7212660C-F3E6-4C30-A63C-A6B1D4C3CC81}.Release|Any CPU.ActiveCfg = Release|Any CPU
		{7212660C-F3E6-4C30-A63C-A6B1D4C3CC81}.Release|Any CPU.Build.0 = Release|Any CPU
		{7212660C-F3E6-4C30-A63C-A6B1D4C3CC81}.Release|ARM.ActiveCfg = Release|Any CPU
		{7212660C-F3E6-4C30-A63C-A6B1D4C3CC81}.Release|ARM.Build.0 = Release|Any CPU
		{7212660C-F3E6-4C30-A63C-A6B1D4C3CC81}.Release|ARM64.ActiveCfg = Release|Any CPU
		{7212660C-F3E6-4C30-A63C-A6B1D4C3CC81}.Release|ARM64.Build.0 = Release|Any CPU
		{7212660C-F3E6-4C30-A63C-A6B1D4C3CC81}.Release|iPhone.ActiveCfg = Release|Any CPU
		{7212660C-F3E6-4C30-A63C-A6B1D4C3CC81}.Release|iPhone.Build.0 = Release|Any CPU
		{7212660C-F3E6-4C30-A63C-A6B1D4C3CC81}.Release|iPhoneSimulator.ActiveCfg = Release|Any CPU
		{7212660C-F3E6-4C30-A63C-A6B1D4C3CC81}.Release|iPhoneSimulator.Build.0 = Release|Any CPU
		{7212660C-F3E6-4C30-A63C-A6B1D4C3CC81}.Release|x64.ActiveCfg = Release|Any CPU
		{7212660C-F3E6-4C30-A63C-A6B1D4C3CC81}.Release|x64.Build.0 = Release|Any CPU
		{7212660C-F3E6-4C30-A63C-A6B1D4C3CC81}.Release|x86.ActiveCfg = Release|Any CPU
		{7212660C-F3E6-4C30-A63C-A6B1D4C3CC81}.Release|x86.Build.0 = Release|Any CPU
	EndGlobalSection
	GlobalSection(SolutionProperties) = preSolution
		HideSolutionNode = FALSE
	EndGlobalSection
	GlobalSection(ExtensibilityGlobals) = postSolution
		SolutionGuid = {C28DEA69-7EA0-46F2-83C1-D028B3CF14FF}
	EndGlobalSection
EndGlobal
