
Microsoft Visual Studio Solution File, Format Version 12.00
# Visual Studio 15
VisualStudioVersion = 15.0.28307.572
MinimumVisualStudioVersion = 10.0.40219.1
Project("{FAE04EC0-301F-11D3-BF4B-00C04F79EFBC}") = "ExpenseTracker.Android", "ExpenseTracker\ExpenseTracker.Android\ExpenseTracker.Android.csproj", "{E6655270-F806-4DB0-A342-CB1B15962BDD}"
EndProject
Project("{FAE04EC0-301F-11D3-BF4B-00C04F79EFBC}") = "ExpenseTracker.iOS", "ExpenseTracker\ExpenseTracker.iOS\ExpenseTracker.iOS.csproj", "{8305A27F-5DEB-453B-9FB8-6A381795DDF5}"
EndProject
Project("{FAE04EC0-301F-11D3-BF4B-00C04F79EFBC}") = "ExpenseTracker", "ExpenseTracker\ExpenseTracker\ExpenseTracker.csproj", "{7FF6BD03-5606-44E1-80EE-F66915E08232}"
EndProject
Global
	GlobalSection(SolutionConfigurationPlatforms) = preSolution
		Ad-Hoc|Any CPU = Ad-Hoc|Any CPU
		Ad-Hoc|iPhone = Ad-Hoc|iPhone
		Ad-Hoc|iPhoneSimulator = Ad-Hoc|iPhoneSimulator
		AppStore|Any CPU = AppStore|Any CPU
		AppStore|iPhone = AppStore|iPhone
		AppStore|iPhoneSimulator = AppStore|iPhoneSimulator
		Debug|Any CPU = Debug|Any CPU
		Debug|iPhone = Debug|iPhone
		Debug|iPhoneSimulator = Debug|iPhoneSimulator
		Release|Any CPU = Release|Any CPU
		Release|iPhone = Release|iPhone
		Release|iPhoneSimulator = Release|iPhoneSimulator
	EndGlobalSection
	GlobalSection(ProjectConfigurationPlatforms) = postSolution
		{E6655270-F806-4DB0-A342-CB1B15962BDD}.Ad-Hoc|Any CPU.ActiveCfg = Release|Any CPU
		{E6655270-F806-4DB0-A342-CB1B15962BDD}.Ad-Hoc|Any CPU.Build.0 = Release|Any CPU
		{E6655270-F806-4DB0-A342-CB1B15962BDD}.Ad-Hoc|Any CPU.Deploy.0 = Release|Any CPU
		{E6655270-F806-4DB0-A342-CB1B15962BDD}.Ad-Hoc|iPhone.ActiveCfg = Release|Any CPU
		{E6655270-F806-4DB0-A342-CB1B15962BDD}.Ad-Hoc|iPhone.Build.0 = Release|Any CPU
		{E6655270-F806-4DB0-A342-CB1B15962BDD}.Ad-Hoc|iPhone.Deploy.0 = Release|Any CPU
		{E6655270-F806-4DB0-A342-CB1B15962BDD}.Ad-Hoc|iPhoneSimulator.ActiveCfg = Release|Any CPU
		{E6655270-F806-4DB0-A342-CB1B15962BDD}.Ad-Hoc|iPhoneSimulator.Build.0 = Release|Any CPU
		{E6655270-F806-4DB0-A342-CB1B15962BDD}.Ad-Hoc|iPhoneSimulator.Deploy.0 = Release|Any CPU
		{E6655270-F806-4DB0-A342-CB1B15962BDD}.AppStore|Any CPU.ActiveCfg = Release|Any CPU
		{E6655270-F806-4DB0-A342-CB1B15962BDD}.AppStore|Any CPU.Build.0 = Release|Any CPU
		{E6655270-F806-4DB0-A342-CB1B15962BDD}.AppStore|Any CPU.Deploy.0 = Release|Any CPU
		{E6655270-F806-4DB0-A342-CB1B15962BDD}.AppStore|iPhone.ActiveCfg = Release|Any CPU
		{E6655270-F806-4DB0-A342-CB1B15962BDD}.AppStore|iPhone.Build.0 = Release|Any CPU
		{E6655270-F806-4DB0-A342-CB1B15962BDD}.AppStore|iPhone.Deploy.0 = Release|Any CPU
		{E6655270-F806-4DB0-A342-CB1B15962BDD}.AppStore|iPhoneSimulator.ActiveCfg = Release|Any CPU
		{E6655270-F806-4DB0-A342-CB1B15962BDD}.AppStore|iPhoneSimulator.Build.0 = Release|Any CPU
		{E6655270-F806-4DB0-A342-CB1B15962BDD}.AppStore|iPhoneSimulator.Deploy.0 = Release|Any CPU
		{E6655270-F806-4DB0-A342-CB1B15962BDD}.Debug|Any CPU.ActiveCfg = Debug|Any CPU
		{E6655270-F806-4DB0-A342-CB1B15962BDD}.Debug|Any CPU.Build.0 = Debug|Any CPU
		{E6655270-F806-4DB0-A342-CB1B15962BDD}.Debug|Any CPU.Deploy.0 = Debug|Any CPU
		{E6655270-F806-4DB0-A342-CB1B15962BDD}.Debug|iPhone.ActiveCfg = Debug|Any CPU
		{E6655270-F806-4DB0-A342-CB1B15962BDD}.Debug|iPhone.Build.0 = Debug|Any CPU
		{E6655270-F806-4DB0-A342-CB1B15962BDD}.Debug|iPhone.Deploy.0 = Debug|Any CPU
		{E6655270-F806-4DB0-A342-CB1B15962BDD}.Debug|iPhoneSimulator.ActiveCfg = Debug|Any CPU
		{E6655270-F806-4DB0-A342-CB1B15962BDD}.Debug|iPhoneSimulator.Build.0 = Debug|Any CPU
		{E6655270-F806-4DB0-A342-CB1B15962BDD}.Debug|iPhoneSimulator.Deploy.0 = Debug|Any CPU
		{E6655270-F806-4DB0-A342-CB1B15962BDD}.Release|Any CPU.ActiveCfg = Release|Any CPU
		{E6655270-F806-4DB0-A342-CB1B15962BDD}.Release|Any CPU.Build.0 = Release|Any CPU
		{E6655270-F806-4DB0-A342-CB1B15962BDD}.Release|Any CPU.Deploy.0 = Release|Any CPU
		{E6655270-F806-4DB0-A342-CB1B15962BDD}.Release|iPhone.ActiveCfg = Release|Any CPU
		{E6655270-F806-4DB0-A342-CB1B15962BDD}.Release|iPhone.Build.0 = Release|Any CPU
		{E6655270-F806-4DB0-A342-CB1B15962BDD}.Release|iPhone.Deploy.0 = Release|Any CPU
		{E6655270-F806-4DB0-A342-CB1B15962BDD}.Release|iPhoneSimulator.ActiveCfg = Release|Any CPU
		{E6655270-F806-4DB0-A342-CB1B15962BDD}.Release|iPhoneSimulator.Build.0 = Release|Any CPU
		{E6655270-F806-4DB0-A342-CB1B15962BDD}.Release|iPhoneSimulator.Deploy.0 = Release|Any CPU
		{8305A27F-5DEB-453B-9FB8-6A381795DDF5}.Ad-Hoc|Any CPU.ActiveCfg = Ad-Hoc|iPhone
		{8305A27F-5DEB-453B-9FB8-6A381795DDF5}.Ad-Hoc|Any CPU.Build.0 = Ad-Hoc|iPhone
		{8305A27F-5DEB-453B-9FB8-6A381795DDF5}.Ad-Hoc|Any CPU.Deploy.0 = Ad-Hoc|iPhone
		{8305A27F-5DEB-453B-9FB8-6A381795DDF5}.Ad-Hoc|iPhone.ActiveCfg = Ad-Hoc|iPhone
		{8305A27F-5DEB-453B-9FB8-6A381795DDF5}.Ad-Hoc|iPhone.Build.0 = Ad-Hoc|iPhone
		{8305A27F-5DEB-453B-9FB8-6A381795DDF5}.Ad-Hoc|iPhone.Deploy.0 = Ad-Hoc|iPhone
		{8305A27F-5DEB-453B-9FB8-6A381795DDF5}.Ad-Hoc|iPhoneSimulator.ActiveCfg = Ad-Hoc|iPhoneSimulator
		{8305A27F-5DEB-453B-9FB8-6A381795DDF5}.Ad-Hoc|iPhoneSimulator.Build.0 = Ad-Hoc|iPhoneSimulator
		{8305A27F-5DEB-453B-9FB8-6A381795DDF5}.Ad-Hoc|iPhoneSimulator.Deploy.0 = Ad-Hoc|iPhoneSimulator
		{8305A27F-5DEB-453B-9FB8-6A381795DDF5}.AppStore|Any CPU.ActiveCfg = AppStore|iPhone
		{8305A27F-5DEB-453B-9FB8-6A381795DDF5}.AppStore|Any CPU.Build.0 = AppStore|iPhone
		{8305A27F-5DEB-453B-9FB8-6A381795DDF5}.AppStore|Any CPU.Deploy.0 = AppStore|iPhone
		{8305A27F-5DEB-453B-9FB8-6A381795DDF5}.AppStore|iPhone.ActiveCfg = AppStore|iPhone
		{8305A27F-5DEB-453B-9FB8-6A381795DDF5}.AppStore|iPhone.Build.0 = AppStore|iPhone
		{8305A27F-5DEB-453B-9FB8-6A381795DDF5}.AppStore|iPhone.Deploy.0 = AppStore|iPhone
		{8305A27F-5DEB-453B-9FB8-6A381795DDF5}.AppStore|iPhoneSimulator.ActiveCfg = AppStore|iPhoneSimulator
		{8305A27F-5DEB-453B-9FB8-6A381795DDF5}.AppStore|iPhoneSimulator.Build.0 = AppStore|iPhoneSimulator
		{8305A27F-5DEB-453B-9FB8-6A381795DDF5}.AppStore|iPhoneSimulator.Deploy.0 = AppStore|iPhoneSimulator
		{8305A27F-5DEB-453B-9FB8-6A381795DDF5}.Debug|Any CPU.ActiveCfg = Debug|iPhoneSimulator
		{8305A27F-5DEB-453B-9FB8-6A381795DDF5}.Debug|Any CPU.Build.0 = Debug|iPhoneSimulator
		{8305A27F-5DEB-453B-9FB8-6A381795DDF5}.Debug|Any CPU.Deploy.0 = Debug|iPhoneSimulator
		{8305A27F-5DEB-453B-9FB8-6A381795DDF5}.Debug|iPhone.ActiveCfg = Debug|iPhone
		{8305A27F-5DEB-453B-9FB8-6A381795DDF5}.Debug|iPhone.Build.0 = Debug|iPhone
		{8305A27F-5DEB-453B-9FB8-6A381795DDF5}.Debug|iPhone.Deploy.0 = Debug|iPhone
		{8305A27F-5DEB-453B-9FB8-6A381795DDF5}.Debug|iPhoneSimulator.ActiveCfg = Debug|iPhoneSimulator
		{8305A27F-5DEB-453B-9FB8-6A381795DDF5}.Debug|iPhoneSimulator.Build.0 = Debug|iPhoneSimulator
		{8305A27F-5DEB-453B-9FB8-6A381795DDF5}.Debug|iPhoneSimulator.Deploy.0 = Debug|iPhoneSimulator
		{8305A27F-5DEB-453B-9FB8-6A381795DDF5}.Release|Any CPU.ActiveCfg = Release|iPhone
		{8305A27F-5DEB-453B-9FB8-6A381795DDF5}.Release|Any CPU.Build.0 = Release|iPhone
		{8305A27F-5DEB-453B-9FB8-6A381795DDF5}.Release|Any CPU.Deploy.0 = Release|iPhone
		{8305A27F-5DEB-453B-9FB8-6A381795DDF5}.Release|iPhone.ActiveCfg = Release|iPhone
		{8305A27F-5DEB-453B-9FB8-6A381795DDF5}.Release|iPhone.Build.0 = Release|iPhone
		{8305A27F-5DEB-453B-9FB8-6A381795DDF5}.Release|iPhone.Deploy.0 = Release|iPhone
		{8305A27F-5DEB-453B-9FB8-6A381795DDF5}.Release|iPhoneSimulator.ActiveCfg = Release|iPhoneSimulator
		{8305A27F-5DEB-453B-9FB8-6A381795DDF5}.Release|iPhoneSimulator.Build.0 = Release|iPhoneSimulator
		{8305A27F-5DEB-453B-9FB8-6A381795DDF5}.Release|iPhoneSimulator.Deploy.0 = Release|iPhoneSimulator
		{7FF6BD03-5606-44E1-80EE-F66915E08232}.Ad-Hoc|Any CPU.ActiveCfg = Debug|Any CPU
		{7FF6BD03-5606-44E1-80EE-F66915E08232}.Ad-Hoc|Any CPU.Build.0 = Debug|Any CPU
		{7FF6BD03-5606-44E1-80EE-F66915E08232}.Ad-Hoc|Any CPU.Deploy.0 = Debug|Any CPU
		{7FF6BD03-5606-44E1-80EE-F66915E08232}.Ad-Hoc|iPhone.ActiveCfg = Debug|Any CPU
		{7FF6BD03-5606-44E1-80EE-F66915E08232}.Ad-Hoc|iPhone.Build.0 = Debug|Any CPU
		{7FF6BD03-5606-44E1-80EE-F66915E08232}.Ad-Hoc|iPhone.Deploy.0 = Debug|Any CPU
		{7FF6BD03-5606-44E1-80EE-F66915E08232}.Ad-Hoc|iPhoneSimulator.ActiveCfg = Debug|Any CPU
		{7FF6BD03-5606-44E1-80EE-F66915E08232}.Ad-Hoc|iPhoneSimulator.Build.0 = Debug|Any CPU
		{7FF6BD03-5606-44E1-80EE-F66915E08232}.Ad-Hoc|iPhoneSimulator.Deploy.0 = Debug|Any CPU
		{7FF6BD03-5606-44E1-80EE-F66915E08232}.AppStore|Any CPU.ActiveCfg = Debug|Any CPU
		{7FF6BD03-5606-44E1-80EE-F66915E08232}.AppStore|Any CPU.Build.0 = Debug|Any CPU
		{7FF6BD03-5606-44E1-80EE-F66915E08232}.AppStore|Any CPU.Deploy.0 = Debug|Any CPU
		{7FF6BD03-5606-44E1-80EE-F66915E08232}.AppStore|iPhone.ActiveCfg = Debug|Any CPU
		{7FF6BD03-5606-44E1-80EE-F66915E08232}.AppStore|iPhone.Build.0 = Debug|Any CPU
		{7FF6BD03-5606-44E1-80EE-F66915E08232}.AppStore|iPhone.Deploy.0 = Debug|Any CPU
		{7FF6BD03-5606-44E1-80EE-F66915E08232}.AppStore|iPhoneSimulator.ActiveCfg = Debug|Any CPU
		{7FF6BD03-5606-44E1-80EE-F66915E08232}.AppStore|iPhoneSimulator.Build.0 = Debug|Any CPU
		{7FF6BD03-5606-44E1-80EE-F66915E08232}.AppStore|iPhoneSimulator.Deploy.0 = Debug|Any CPU
		{7FF6BD03-5606-44E1-80EE-F66915E08232}.Debug|Any CPU.ActiveCfg = Debug|Any CPU
		{7FF6BD03-5606-44E1-80EE-F66915E08232}.Debug|Any CPU.Build.0 = Debug|Any CPU
		{7FF6BD03-5606-44E1-80EE-F66915E08232}.Debug|Any CPU.Deploy.0 = Debug|Any CPU
		{7FF6BD03-5606-44E1-80EE-F66915E08232}.Debug|iPhone.ActiveCfg = Debug|Any CPU
		{7FF6BD03-5606-44E1-80EE-F66915E08232}.Debug|iPhone.Build.0 = Debug|Any CPU
		{7FF6BD03-5606-44E1-80EE-F66915E08232}.Debug|iPhone.Deploy.0 = Debug|Any CPU
		{7FF6BD03-5606-44E1-80EE-F66915E08232}.Debug|iPhoneSimulator.ActiveCfg = Debug|Any CPU
		{7FF6BD03-5606-44E1-80EE-F66915E08232}.Debug|iPhoneSimulator.Build.0 = Debug|Any CPU
		{7FF6BD03-5606-44E1-80EE-F66915E08232}.Debug|iPhoneSimulator.Deploy.0 = Debug|Any CPU
		{7FF6BD03-5606-44E1-80EE-F66915E08232}.Release|Any CPU.ActiveCfg = Release|Any CPU
		{7FF6BD03-5606-44E1-80EE-F66915E08232}.Release|Any CPU.Build.0 = Release|Any CPU
		{7FF6BD03-5606-44E1-80EE-F66915E08232}.Release|Any CPU.Deploy.0 = Release|Any CPU
		{7FF6BD03-5606-44E1-80EE-F66915E08232}.Release|iPhone.ActiveCfg = Release|Any CPU
		{7FF6BD03-5606-44E1-80EE-F66915E08232}.Release|iPhone.Build.0 = Release|Any CPU
		{7FF6BD03-5606-44E1-80EE-F66915E08232}.Release|iPhone.Deploy.0 = Release|Any CPU
		{7FF6BD03-5606-44E1-80EE-F66915E08232}.Release|iPhoneSimulator.ActiveCfg = Release|Any CPU
		{7FF6BD03-5606-44E1-80EE-F66915E08232}.Release|iPhoneSimulator.Build.0 = Release|Any CPU
		{7FF6BD03-5606-44E1-80EE-F66915E08232}.Release|iPhoneSimulator.Deploy.0 = Release|Any CPU
	EndGlobalSection
	GlobalSection(SolutionProperties) = preSolution
		HideSolutionNode = FALSE
	EndGlobalSection
	GlobalSection(ExtensibilityGlobals) = postSolution
		SolutionGuid = {C28DEA69-7EA0-46F2-83C1-D028B3CF14FF}
	EndGlobalSection
EndGlobal
